
Microsoft Visual Studio Solution File, Format Version 12.00
# Visual Studio Version 17
VisualStudioVersion = 17.2.32630.192
MinimumVisualStudioVersion = 10.0.40219.1
Project("{FAE04EC0-301F-11D3-BF4B-00C04F79EFBC}") = "AwesomeTodo.MainModule", "AwesomeTodo.MainModule\AwesomeTodo.MainModule.csproj", "{AB857A27-E6D4-4DD9-A701-ADEE1A5EBD87}"
EndProject
Project("{FAE04EC0-301F-11D3-BF4B-00C04F79EFBC}") = "AwesomeTodo.Shared", "AwesomeTodo.Shared\AwesomeTodo.Shared.csproj", "{9631AAC0-9BF5-45E3-A671-F4BDE7694E68}"
EndProject
Global
	GlobalSection(SolutionConfigurationPlatforms) = preSolution
		Debug|Any CPU = Debug|Any CPU
		Release|Any CPU = Release|Any CPU
	EndGlobalSection
	GlobalSection(ProjectConfigurationPlatforms) = postSolution
		{AB857A27-E6D4-4DD9-A701-ADEE1A5EBD87}.Debug|Any CPU.ActiveCfg = Debug|Any CPU
		{AB857A27-E6D4-4DD9-A701-ADEE1A5EBD87}.Debug|Any CPU.Build.0 = Debug|Any CPU
		{AB857A27-E6D4-4DD9-A701-ADEE1A5EBD87}.Release|Any CPU.ActiveCfg = Release|Any CPU
		{AB857A27-E6D4-4DD9-A701-ADEE1A5EBD87}.Release|Any CPU.Build.0 = Release|Any CPU
		{9631AAC0-9BF5-45E3-A671-F4BDE7694E68}.Debug|Any CPU.ActiveCfg = Debug|Any CPU
		{9631AAC0-9BF5-45E3-A671-F4BDE7694E68}.Debug|Any CPU.Build.0 = Debug|Any CPU
		{9631AAC0-9BF5-45E3-A671-F4BDE7694E68}.Release|Any CPU.ActiveCfg = Release|Any CPU
		{9631AAC0-9BF5-45E3-A671-F4BDE7694E68}.Release|Any CPU.Build.0 = Release|Any CPU
	EndGlobalSection
	GlobalSection(SolutionProperties) = preSolution
		HideSolutionNode = FALSE
	EndGlobalSection
	GlobalSection(ExtensibilityGlobals) = postSolution
		SolutionGuid = {63C5A02C-77B7-4954-93C0-04DC6B967563}
	EndGlobalSection
EndGlobal
