
Microsoft Visual Studio Solution File, Format Version 12.00
# Visual Studio Version 17
VisualStudioVersion = 17.2.32630.192
MinimumVisualStudioVersion = 10.0.40219.1
Project("{FAE04EC0-301F-11D3-BF4B-00C04F79EFBC}") = "AwesomeTodo.Shared", "AwesomeTodo.Shared\AwesomeTodo.Shared.csproj", "{9631AAC0-9BF5-45E3-A671-F4BDE7694E68}"
EndProject
Project("{FAE04EC0-301F-11D3-BF4B-00C04F79EFBC}") = "AwesomeTodo.Module.Main", "AwesomeTodo.Module.Main\AwesomeTodo.Module.Main.csproj", "{A53ABCBD-68E3-4AB2-8D2F-422E2846FD12}"
EndProject
Project("{FAE04EC0-301F-11D3-BF4B-00C04F79EFBC}") = "AwesomeTodo.Module.Todo", "AwesomeTodo.Module.Todo\AwesomeTodo.Module.Todo.csproj", "{AAA18CF5-486F-47FD-9F2D-BF539B0A9823}"
EndProject
Project("{FAE04EC0-301F-11D3-BF4B-00C04F79EFBC}") = "AwesomeTodo.DataAccess", "AwesomeTodo.DataAccess\AwesomeTodo.DataAccess.csproj", "{99DFCD44-3534-434F-B2E8-9400A2D4BDCD}"
EndProject
Project("{FAE04EC0-301F-11D3-BF4B-00C04F79EFBC}") = "AwesomeTodo.Module.Calendar", "AwesomeTodo.Module.Calendar\AwesomeTodo.Module.Calendar.csproj", "{072448FF-03A2-4118-9CDA-B1A0A7DE2B07}"
EndProject
Global
	GlobalSection(SolutionConfigurationPlatforms) = preSolution
		Debug|Any CPU = Debug|Any CPU
		Release|Any CPU = Release|Any CPU
	EndGlobalSection
	GlobalSection(ProjectConfigurationPlatforms) = postSolution
		{9631AAC0-9BF5-45E3-A671-F4BDE7694E68}.Debug|Any CPU.ActiveCfg = Debug|Any CPU
		{9631AAC0-9BF5-45E3-A671-F4BDE7694E68}.Debug|Any CPU.Build.0 = Debug|Any CPU
		{9631AAC0-9BF5-45E3-A671-F4BDE7694E68}.Release|Any CPU.ActiveCfg = Release|Any CPU
		{9631AAC0-9BF5-45E3-A671-F4BDE7694E68}.Release|Any CPU.Build.0 = Release|Any CPU
		{A53ABCBD-68E3-4AB2-8D2F-422E2846FD12}.Debug|Any CPU.ActiveCfg = Debug|Any CPU
		{A53ABCBD-68E3-4AB2-8D2F-422E2846FD12}.Debug|Any CPU.Build.0 = Debug|Any CPU
		{A53ABCBD-68E3-4AB2-8D2F-422E2846FD12}.Release|Any CPU.ActiveCfg = Release|Any CPU
		{A53ABCBD-68E3-4AB2-8D2F-422E2846FD12}.Release|Any CPU.Build.0 = Release|Any CPU
		{AAA18CF5-486F-47FD-9F2D-BF539B0A9823}.Debug|Any CPU.ActiveCfg = Debug|Any CPU
		{AAA18CF5-486F-47FD-9F2D-BF539B0A9823}.Debug|Any CPU.Build.0 = Debug|Any CPU
		{AAA18CF5-486F-47FD-9F2D-BF539B0A9823}.Release|Any CPU.ActiveCfg = Release|Any CPU
		{AAA18CF5-486F-47FD-9F2D-BF539B0A9823}.Release|Any CPU.Build.0 = Release|Any CPU
		{99DFCD44-3534-434F-B2E8-9400A2D4BDCD}.Debug|Any CPU.ActiveCfg = Debug|Any CPU
		{99DFCD44-3534-434F-B2E8-9400A2D4BDCD}.Debug|Any CPU.Build.0 = Debug|Any CPU
		{99DFCD44-3534-434F-B2E8-9400A2D4BDCD}.Release|Any CPU.ActiveCfg = Release|Any CPU
		{99DFCD44-3534-434F-B2E8-9400A2D4BDCD}.Release|Any CPU.Build.0 = Release|Any CPU
		{072448FF-03A2-4118-9CDA-B1A0A7DE2B07}.Debug|Any CPU.ActiveCfg = Debug|Any CPU
		{072448FF-03A2-4118-9CDA-B1A0A7DE2B07}.Debug|Any CPU.Build.0 = Debug|Any CPU
		{072448FF-03A2-4118-9CDA-B1A0A7DE2B07}.Release|Any CPU.ActiveCfg = Release|Any CPU
		{072448FF-03A2-4118-9CDA-B1A0A7DE2B07}.Release|Any CPU.Build.0 = Release|Any CPU
	EndGlobalSection
	GlobalSection(SolutionProperties) = preSolution
		HideSolutionNode = FALSE
	EndGlobalSection
	GlobalSection(ExtensibilityGlobals) = postSolution
		SolutionGuid = {63C5A02C-77B7-4954-93C0-04DC6B967563}
	EndGlobalSection
EndGlobal
